
Microsoft Visual Studio Solution File, Format Version 12.00
# Visual Studio Version 17
VisualStudioVersion = 17.4.33205.214
MinimumVisualStudioVersion = 10.0.40219.1
Project("{FAE04EC0-301F-11D3-BF4B-00C04F79EFBC}") = "PDFComp", "PDFComp\PDFComp.csproj", "{00D32EB5-D3B2-43BE-B14E-56B323D41CD6}"
	ProjectSection(ProjectDependencies) = postProject
		{438914B6-5D1C-482C-B942-5C0E057EEF6F} = {438914B6-5D1C-482C-B942-5C0E057EEF6F}
	EndProjectSection
EndProject
Project("{FAE04EC0-301F-11D3-BF4B-00C04F79EFBC}") = "PdfiumViewer", "..\PdfiumViewer\PdfiumViewer\PdfiumViewer.csproj", "{438914B6-5D1C-482C-B942-5C0E057EEF6F}"
EndProject
Global
	GlobalSection(SolutionConfigurationPlatforms) = preSolution
		Debug|Any CPU = Debug|Any CPU
		Release|Any CPU = Release|Any CPU
	EndGlobalSection
	GlobalSection(ProjectConfigurationPlatforms) = postSolution
		{00D32EB5-D3B2-43BE-B14E-56B323D41CD6}.Debug|Any CPU.ActiveCfg = Debug|Any CPU
		{00D32EB5-D3B2-43BE-B14E-56B323D41CD6}.Debug|Any CPU.Build.0 = Debug|Any CPU
		{00D32EB5-D3B2-43BE-B14E-56B323D41CD6}.Release|Any CPU.ActiveCfg = Release|Any CPU
		{00D32EB5-D3B2-43BE-B14E-56B323D41CD6}.Release|Any CPU.Build.0 = Release|Any CPU
		{438914B6-5D1C-482C-B942-5C0E057EEF6F}.Debug|Any CPU.ActiveCfg = Debug|Any CPU
		{438914B6-5D1C-482C-B942-5C0E057EEF6F}.Debug|Any CPU.Build.0 = Debug|Any CPU
		{438914B6-5D1C-482C-B942-5C0E057EEF6F}.Release|Any CPU.ActiveCfg = Release|Any CPU
		{438914B6-5D1C-482C-B942-5C0E057EEF6F}.Release|Any CPU.Build.0 = Release|Any CPU
	EndGlobalSection
	GlobalSection(SolutionProperties) = preSolution
		HideSolutionNode = FALSE
	EndGlobalSection
	GlobalSection(ExtensibilityGlobals) = postSolution
		SolutionGuid = {1BD349CF-4791-45F4-85FA-F2333BBCA79C}
	EndGlobalSection
EndGlobal
